
Microsoft Visual Studio Solution File, Format Version 12.00
Project("{FAE04EC0-301F-11D3-BF4B-00C04F79EFBC}") = "Octo.Sdk.Packages.Industry.Basic.old", "src\Octo.Sdk.Packages.Industry.Basic.old\Octo.Sdk.Packages.Industry.Basic.old.csproj", "{B0C88792-847F-42C6-8907-01B52DF4F859}"
EndProject
Project("{FAE04EC0-301F-11D3-BF4B-00C04F79EFBC}") = "Octo.Sdk.Packages.Industry.Basic.old.SystemTests", "tests\Octo.Sdk.Packages.Industry.Basic.old.SystemTests\Octo.Sdk.Packages.Industry.Basic.old.SystemTests.csproj", "{ACE14157-8D7C-48BD-BB39-129494C18264}"
EndProject
Project("{2150E333-8FDC-42A3-9474-1A3956D46DE8}") = "ConstructionKits", "ConstructionKits", "{BFB00BCB-76B9-4AAF-A330-4442351363D8}"
EndProject
Project("{FAE04EC0-301F-11D3-BF4B-00C04F79EFBC}") = "Octo.Sdk.Packages.Basic", "Octo.Sdk.Packages.Basic\Octo.Sdk.Packages.Basic.csproj", "{556E391E-DA11-4289-99C8-7EB5DAFC98EA}"
EndProject
Project("{FAE04EC0-301F-11D3-BF4B-00C04F79EFBC}") = "Octo.Sdk.Packages.Industry.Basic", "Octo.Sdk.Packages.Industry.Basic\Octo.Sdk.Packages.Industry.Basic.csproj", "{23AF554E-85EF-4315-80F1-159A843B9798}"
EndProject
Project("{FAE04EC0-301F-11D3-BF4B-00C04F79EFBC}") = "Octo.Sdk.Packages.Industry.Energy", "Octo.Sdk.Packages.Industry.Energy\Octo.Sdk.Packages.Industry.Energy.csproj", "{0653C4F0-FA94-4FAB-85A2-01BA7077359B}"
EndProject
Project("{FAE04EC0-301F-11D3-BF4B-00C04F79EFBC}") = "Octo.Sdk.Packages.Industry.Water", "Octo.Sdk.Packages.Industry.Water\Octo.Sdk.Packages.Industry.Water.csproj", "{C46AF2E8-071A-4B48-B9A3-7E01D81CCB64}"
EndProject
Global
	GlobalSection(SolutionConfigurationPlatforms) = preSolution
		Debug|Any CPU = Debug|Any CPU
		Release|Any CPU = Release|Any CPU
		DebugL|Any CPU = DebugL|Any CPU
	EndGlobalSection
	GlobalSection(ProjectConfigurationPlatforms) = postSolution
		{B0C88792-847F-42C6-8907-01B52DF4F859}.Debug|Any CPU.ActiveCfg = Debug|Any CPU
		{B0C88792-847F-42C6-8907-01B52DF4F859}.Debug|Any CPU.Build.0 = Debug|Any CPU
		{B0C88792-847F-42C6-8907-01B52DF4F859}.Release|Any CPU.ActiveCfg = Release|Any CPU
		{B0C88792-847F-42C6-8907-01B52DF4F859}.Release|Any CPU.Build.0 = Release|Any CPU
		{B0C88792-847F-42C6-8907-01B52DF4F859}.DebugL|Any CPU.ActiveCfg = DebugL|Any CPU
		{B0C88792-847F-42C6-8907-01B52DF4F859}.DebugL|Any CPU.Build.0 = DebugL|Any CPU
		{ACE14157-8D7C-48BD-BB39-129494C18264}.Debug|Any CPU.ActiveCfg = Debug|Any CPU
		{ACE14157-8D7C-48BD-BB39-129494C18264}.Debug|Any CPU.Build.0 = Debug|Any CPU
		{ACE14157-8D7C-48BD-BB39-129494C18264}.Release|Any CPU.ActiveCfg = Release|Any CPU
		{ACE14157-8D7C-48BD-BB39-129494C18264}.Release|Any CPU.Build.0 = Release|Any CPU
		{ACE14157-8D7C-48BD-BB39-129494C18264}.DebugL|Any CPU.ActiveCfg = DebugL|Any CPU
		{ACE14157-8D7C-48BD-BB39-129494C18264}.DebugL|Any CPU.Build.0 = DebugL|Any CPU
		{556E391E-DA11-4289-99C8-7EB5DAFC98EA}.Debug|Any CPU.ActiveCfg = Debug|Any CPU
		{556E391E-DA11-4289-99C8-7EB5DAFC98EA}.Debug|Any CPU.Build.0 = Debug|Any CPU
		{556E391E-DA11-4289-99C8-7EB5DAFC98EA}.Release|Any CPU.ActiveCfg = Release|Any CPU
		{556E391E-DA11-4289-99C8-7EB5DAFC98EA}.Release|Any CPU.Build.0 = Release|Any CPU
		{556E391E-DA11-4289-99C8-7EB5DAFC98EA}.DebugL|Any CPU.ActiveCfg = DebugL|Any CPU
		{556E391E-DA11-4289-99C8-7EB5DAFC98EA}.DebugL|Any CPU.Build.0 = DebugL|Any CPU
		{23AF554E-85EF-4315-80F1-159A843B9798}.Debug|Any CPU.ActiveCfg = Debug|Any CPU
		{23AF554E-85EF-4315-80F1-159A843B9798}.Debug|Any CPU.Build.0 = Debug|Any CPU
		{23AF554E-85EF-4315-80F1-159A843B9798}.Release|Any CPU.ActiveCfg = Release|Any CPU
		{23AF554E-85EF-4315-80F1-159A843B9798}.Release|Any CPU.Build.0 = Release|Any CPU
		{23AF554E-85EF-4315-80F1-159A843B9798}.DebugL|Any CPU.ActiveCfg = DebugL|Any CPU
		{23AF554E-85EF-4315-80F1-159A843B9798}.DebugL|Any CPU.Build.0 = DebugL|Any CPU
		{0653C4F0-FA94-4FAB-85A2-01BA7077359B}.Debug|Any CPU.ActiveCfg = Debug|Any CPU
		{0653C4F0-FA94-4FAB-85A2-01BA7077359B}.Debug|Any CPU.Build.0 = Debug|Any CPU
		{0653C4F0-FA94-4FAB-85A2-01BA7077359B}.Release|Any CPU.ActiveCfg = Release|Any CPU
		{0653C4F0-FA94-4FAB-85A2-01BA7077359B}.Release|Any CPU.Build.0 = Release|Any CPU
		{C46AF2E8-071A-4B48-B9A3-7E01D81CCB64}.Debug|Any CPU.ActiveCfg = Debug|Any CPU
		{C46AF2E8-071A-4B48-B9A3-7E01D81CCB64}.Debug|Any CPU.Build.0 = Debug|Any CPU
		{C46AF2E8-071A-4B48-B9A3-7E01D81CCB64}.Release|Any CPU.ActiveCfg = Release|Any CPU
		{C46AF2E8-071A-4B48-B9A3-7E01D81CCB64}.Release|Any CPU.Build.0 = Release|Any CPU
		{0653C4F0-FA94-4FAB-85A2-01BA7077359B}.DebugL|Any CPU.ActiveCfg = DebugL|Any CPU
		{0653C4F0-FA94-4FAB-85A2-01BA7077359B}.DebugL|Any CPU.Build.0 = DebugL|Any CPU
	EndGlobalSection
EndGlobal
