
Microsoft Visual Studio Solution File, Format Version 12.00
Project("{2150E333-8FDC-42A3-9474-1A3956D46DE8}") = "ConstructionKits", "ConstructionKits", "{BFB00BCB-76B9-4AAF-A330-4442351363D8}"
EndProject
Project("{FAE04EC0-301F-11D3-BF4B-00C04F79EFBC}") = "Octo.Sdk.Packages.Industry.Basic", "src\ConstructionKits\Octo.Sdk.Packages.Industry.Basic\Octo.Sdk.Packages.Industry.Basic.csproj", "{5540D024-E874-436D-AD9F-A8F8D1F09AEC}"
EndProject
Project("{FAE04EC0-301F-11D3-BF4B-00C04F79EFBC}") = "Octo.Sdk.Packages.Basic", "src\ConstructionKits\Octo.Sdk.Packages.Basic\Octo.Sdk.Packages.Basic.csproj", "{E0499B4A-B9B2-44C9-A2E5-649215770A56}"
EndProject
Project("{FAE04EC0-301F-11D3-BF4B-00C04F79EFBC}") = "Octo.Sdk.Packages.Industry.Energy", "src\ConstructionKits\Octo.Sdk.Packages.Industry.Energy\Octo.Sdk.Packages.Industry.Energy.csproj", "{2C6D46AF-C457-4653-9877-C6FF2C5B2C3B}"
EndProject
Project("{FAE04EC0-301F-11D3-BF4B-00C04F79EFBC}") = "Octo.Sdk.Packages.Industry.Fluid", "src\ConstructionKits\Octo.Sdk.Packages.Industry.Fluid\Octo.Sdk.Packages.Industry.Fluid.csproj", "{B95AFF48-E45A-4F90-B782-0A5A19471A0B}"
EndProject
Project("{FAE04EC0-301F-11D3-BF4B-00C04F79EFBC}") = "Octo.Sdk.Packages.Environment", "src\ConstructionKits\Octo.Sdk.Packages.Environment\Octo.Sdk.Packages.Environment.csproj", "{3163529E-5EDF-4FAA-A4E9-EE2D370EA256}"
EndProject
Project("{FAE04EC0-301F-11D3-BF4B-00C04F79EFBC}") = "Octo.Sdk.Demo", "src\ConstructionKits\Octo.Sdk.Demo\Octo.Sdk.Demo.csproj", "{E37B882B-70CD-451D-8395-34C1188361AB}"
EndProject
Project("{FAE04EC0-301F-11D3-BF4B-00C04F79EFBC}") = "Octo.Sdk.Packages.Industry.Maintenance", "src\ConstructionKits\Octo.Sdk.Packages.Industry.Maintenance\Octo.Sdk.Packages.Industry.Maintenance.csproj", "{44B0EE5C-B2AA-4FAC-A53C-E36328D4EA8D}"
EndProject
Project("{FAE04EC0-301F-11D3-BF4B-00C04F79EFBC}") = "Octo.Sdk.Packages.EnergyCommunity", "src\ConstructionKits\Octo.Sdk.Packages.EnergyCommunity\Octo.Sdk.Packages.EnergyCommunity.csproj", "{48B63881-ACDE-4CCC-88BB-15469FB1E4C8}"
	ProjectSection(ProjectDependencies) = postProject
		{E0499B4A-B9B2-44C9-A2E5-649215770A56} = {E0499B4A-B9B2-44C9-A2E5-649215770A56}
	EndProjectSection
EndProject
Project("{FAE04EC0-301F-11D3-BF4B-00C04F79EFBC}") = "Octo.Sdk.Packages.Industry.Manufacturing", "src\ConstructionKits\Octo.Sdk.Packages.Industry.Manufacturing\Octo.Sdk.Packages.Industry.Manufacturing.csproj", "{89878854-80B8-4417-833B-CA9373ED01BB}"
EndProject
Global
	GlobalSection(ProjectDependencies) = postSolution
		{5540D024-E874-436D-AD9F-A8F8D1F09AEC}.0 = {E0499B4A-B9B2-44C9-A2E5-649215770A56}
		{2C6D46AF-C457-4653-9877-C6FF2C5B2C3B}.0 = {5540D024-E874-436D-AD9F-A8F8D1F09AEC}
		{B95AFF48-E45A-4F90-B782-0A5A19471A0B}.0 = {5540D024-E874-436D-AD9F-A8F8D1F09AEC}
		{3163529E-5EDF-4FAA-A4E9-EE2D370EA256}.0 = {E0499B4A-B9B2-44C9-A2E5-649215770A56}
		{E37B882B-70CD-451D-8395-34C1188361AB}.0 = {E0499B4A-B9B2-44C9-A2E5-649215770A56}
		{44B0EE5C-B2AA-4FAC-A53C-E36328D4EA8D}.0 = {5540D024-E874-436D-AD9F-A8F8D1F09AEC}
		{48B63881-ACDE-4CCC-88BB-15469FB1E4C8}.0 = {E0499B4A-B9B2-44C9-A2E5-649215770A56}
	EndGlobalSection
	GlobalSection(SolutionConfigurationPlatforms) = preSolution
		Debug|Any CPU = Debug|Any CPU
		Release|Any CPU = Release|Any CPU
		DebugL|Any CPU = DebugL|Any CPU
	EndGlobalSection
	GlobalSection(ProjectConfigurationPlatforms) = postSolution
		{5540D024-E874-436D-AD9F-A8F8D1F09AEC}.Debug|Any CPU.ActiveCfg = Debug|Any CPU
		{5540D024-E874-436D-AD9F-A8F8D1F09AEC}.Debug|Any CPU.Build.0 = Debug|Any CPU
		{5540D024-E874-436D-AD9F-A8F8D1F09AEC}.Release|Any CPU.ActiveCfg = Release|Any CPU
		{5540D024-E874-436D-AD9F-A8F8D1F09AEC}.Release|Any CPU.Build.0 = Release|Any CPU
		{5540D024-E874-436D-AD9F-A8F8D1F09AEC}.DebugL|Any CPU.ActiveCfg = DebugL|Any CPU
		{5540D024-E874-436D-AD9F-A8F8D1F09AEC}.DebugL|Any CPU.Build.0 = DebugL|Any CPU
		{E0499B4A-B9B2-44C9-A2E5-649215770A56}.Debug|Any CPU.ActiveCfg = Debug|Any CPU
		{E0499B4A-B9B2-44C9-A2E5-649215770A56}.Debug|Any CPU.Build.0 = Debug|Any CPU
		{E0499B4A-B9B2-44C9-A2E5-649215770A56}.Release|Any CPU.ActiveCfg = Release|Any CPU
		{E0499B4A-B9B2-44C9-A2E5-649215770A56}.Release|Any CPU.Build.0 = Release|Any CPU
		{E0499B4A-B9B2-44C9-A2E5-649215770A56}.DebugL|Any CPU.ActiveCfg = DebugL|Any CPU
		{E0499B4A-B9B2-44C9-A2E5-649215770A56}.DebugL|Any CPU.Build.0 = DebugL|Any CPU
		{2C6D46AF-C457-4653-9877-C6FF2C5B2C3B}.Debug|Any CPU.ActiveCfg = Debug|Any CPU
		{2C6D46AF-C457-4653-9877-C6FF2C5B2C3B}.Debug|Any CPU.Build.0 = Debug|Any CPU
		{2C6D46AF-C457-4653-9877-C6FF2C5B2C3B}.Release|Any CPU.ActiveCfg = Release|Any CPU
		{2C6D46AF-C457-4653-9877-C6FF2C5B2C3B}.Release|Any CPU.Build.0 = Release|Any CPU
		{2C6D46AF-C457-4653-9877-C6FF2C5B2C3B}.DebugL|Any CPU.ActiveCfg = DebugL|Any CPU
		{2C6D46AF-C457-4653-9877-C6FF2C5B2C3B}.DebugL|Any CPU.Build.0 = DebugL|Any CPU
		{B95AFF48-E45A-4F90-B782-0A5A19471A0B}.Debug|Any CPU.ActiveCfg = Debug|Any CPU
		{B95AFF48-E45A-4F90-B782-0A5A19471A0B}.Debug|Any CPU.Build.0 = Debug|Any CPU
		{B95AFF48-E45A-4F90-B782-0A5A19471A0B}.Release|Any CPU.ActiveCfg = Release|Any CPU
		{B95AFF48-E45A-4F90-B782-0A5A19471A0B}.Release|Any CPU.Build.0 = Release|Any CPU
		{B95AFF48-E45A-4F90-B782-0A5A19471A0B}.DebugL|Any CPU.ActiveCfg = DebugL|Any CPU
		{B95AFF48-E45A-4F90-B782-0A5A19471A0B}.DebugL|Any CPU.Build.0 = DebugL|Any CPU
		{3163529E-5EDF-4FAA-A4E9-EE2D370EA256}.Debug|Any CPU.ActiveCfg = Debug|Any CPU
		{3163529E-5EDF-4FAA-A4E9-EE2D370EA256}.Debug|Any CPU.Build.0 = Debug|Any CPU
		{3163529E-5EDF-4FAA-A4E9-EE2D370EA256}.Release|Any CPU.ActiveCfg = Release|Any CPU
		{3163529E-5EDF-4FAA-A4E9-EE2D370EA256}.Release|Any CPU.Build.0 = Release|Any CPU
		{3163529E-5EDF-4FAA-A4E9-EE2D370EA256}.DebugL|Any CPU.ActiveCfg = DebugL|Any CPU
		{3163529E-5EDF-4FAA-A4E9-EE2D370EA256}.DebugL|Any CPU.Build.0 = DebugL|Any CPU
		{E37B882B-70CD-451D-8395-34C1188361AB}.Debug|Any CPU.ActiveCfg = Debug|Any CPU
		{E37B882B-70CD-451D-8395-34C1188361AB}.Debug|Any CPU.Build.0 = Debug|Any CPU
		{E37B882B-70CD-451D-8395-34C1188361AB}.Release|Any CPU.ActiveCfg = Release|Any CPU
		{E37B882B-70CD-451D-8395-34C1188361AB}.Release|Any CPU.Build.0 = Release|Any CPU
		{E37B882B-70CD-451D-8395-34C1188361AB}.DebugL|Any CPU.ActiveCfg = DebugL|Any CPU
		{E37B882B-70CD-451D-8395-34C1188361AB}.DebugL|Any CPU.Build.0 = DebugL|Any CPU
		{44B0EE5C-B2AA-4FAC-A53C-E36328D4EA8D}.Debug|Any CPU.ActiveCfg = Debug|Any CPU
		{44B0EE5C-B2AA-4FAC-A53C-E36328D4EA8D}.Debug|Any CPU.Build.0 = Debug|Any CPU
		{44B0EE5C-B2AA-4FAC-A53C-E36328D4EA8D}.Release|Any CPU.ActiveCfg = Release|Any CPU
		{44B0EE5C-B2AA-4FAC-A53C-E36328D4EA8D}.Release|Any CPU.Build.0 = Release|Any CPU
		{44B0EE5C-B2AA-4FAC-A53C-E36328D4EA8D}.DebugL|Any CPU.ActiveCfg = DebugL|Any CPU
		{44B0EE5C-B2AA-4FAC-A53C-E36328D4EA8D}.DebugL|Any CPU.Build.0 = DebugL|Any CPU
		{48B63881-ACDE-4CCC-88BB-15469FB1E4C8}.Debug|Any CPU.ActiveCfg = Debug|Any CPU
		{48B63881-ACDE-4CCC-88BB-15469FB1E4C8}.Debug|Any CPU.Build.0 = Debug|Any CPU
		{48B63881-ACDE-4CCC-88BB-15469FB1E4C8}.Release|Any CPU.ActiveCfg = Release|Any CPU
		{48B63881-ACDE-4CCC-88BB-15469FB1E4C8}.Release|Any CPU.Build.0 = Release|Any CPU
		{48B63881-ACDE-4CCC-88BB-15469FB1E4C8}.DebugL|Any CPU.ActiveCfg = DebugL|Any CPU
		{48B63881-ACDE-4CCC-88BB-15469FB1E4C8}.DebugL|Any CPU.Build.0 = DebugL|Any CPU
		{89878854-80B8-4417-833B-CA9373ED01BB}.Debug|Any CPU.ActiveCfg = Debug|Any CPU
		{89878854-80B8-4417-833B-CA9373ED01BB}.Debug|Any CPU.Build.0 = Debug|Any CPU
		{89878854-80B8-4417-833B-CA9373ED01BB}.Release|Any CPU.ActiveCfg = Release|Any CPU
		{89878854-80B8-4417-833B-CA9373ED01BB}.Release|Any CPU.Build.0 = Release|Any CPU
		{89878854-80B8-4417-833B-CA9373ED01BB}.DebugL|Any CPU.ActiveCfg = DebugL|Any CPU
		{89878854-80B8-4417-833B-CA9373ED01BB}.DebugL|Any CPU.Build.0 = DebugL|Any CPU
	EndGlobalSection
	GlobalSection(NestedProjects) = preSolution
		{5540D024-E874-436D-AD9F-A8F8D1F09AEC} = {BFB00BCB-76B9-4AAF-A330-4442351363D8}
		{E0499B4A-B9B2-44C9-A2E5-649215770A56} = {BFB00BCB-76B9-4AAF-A330-4442351363D8}
		{2C6D46AF-C457-4653-9877-C6FF2C5B2C3B} = {BFB00BCB-76B9-4AAF-A330-4442351363D8}
		{B95AFF48-E45A-4F90-B782-0A5A19471A0B} = {BFB00BCB-76B9-4AAF-A330-4442351363D8}
		{3163529E-5EDF-4FAA-A4E9-EE2D370EA256} = {BFB00BCB-76B9-4AAF-A330-4442351363D8}
		{E37B882B-70CD-451D-8395-34C1188361AB} = {BFB00BCB-76B9-4AAF-A330-4442351363D8}
		{44B0EE5C-B2AA-4FAC-A53C-E36328D4EA8D} = {BFB00BCB-76B9-4AAF-A330-4442351363D8}
		{48B63881-ACDE-4CCC-88BB-15469FB1E4C8} = {BFB00BCB-76B9-4AAF-A330-4442351363D8}
		{89878854-80B8-4417-833B-CA9373ED01BB} = {BFB00BCB-76B9-4AAF-A330-4442351363D8}
	EndGlobalSection
EndGlobal
